
Microsoft Visual Studio Solution File, Format Version 12.00
# Visual Studio Version 16
VisualStudioVersion = 16.0.31515.178
MinimumVisualStudioVersion = 10.0.40219.1
Project("{FAE04EC0-301F-11D3-BF4B-00C04F79EFBC}") = "EmployeeManagementSystem", "EmployeeManagementSystem.csproj", "{A22B02D7-A773-456F-A1C3-D6036B5D4E84}"
EndProject
Global
	GlobalSection(SolutionConfigurationPlatforms) = preSolution
		Debug|Any CPU = Debug|Any CPU
		Release|Any CPU = Release|Any CPU
	EndGlobalSection
	GlobalSection(ProjectConfigurationPlatforms) = postSolution
		{A22B02D7-A773-456F-A1C3-D6036B5D4E84}.Debug|Any CPU.ActiveCfg = Debug|Any CPU
		{A22B02D7-A773-456F-A1C3-D6036B5D4E84}.Debug|Any CPU.Build.0 = Debug|Any CPU
		{A22B02D7-A773-456F-A1C3-D6036B5D4E84}.Release|Any CPU.ActiveCfg = Release|Any CPU
		{A22B02D7-A773-456F-A1C3-D6036B5D4E84}.Release|Any CPU.Build.0 = Release|Any CPU
	EndGlobalSection
	GlobalSection(SolutionProperties) = preSolution
		HideSolutionNode = FALSE
	EndGlobalSection
	GlobalSection(ExtensibilityGlobals) = postSolution
		SolutionGuid = {DDBF60DD-7FA2-45FE-9150-B5230E9C6DE5}
	EndGlobalSection
EndGlobal
